
Microsoft Visual Studio Solution File, Format Version 12.00
# Visual Studio 14
VisualStudioVersion = 14.0.24720.0
MinimumVisualStudioVersion = 10.0.40219.1
Project("{FAE04EC0-301F-11D3-BF4B-00C04F79EFBC}") = "Stupidity", "Stupidity\Stupidity.csproj", "{48D14870-6E87-48B5-824E-755B5B907346}"
EndProject
Global
	GlobalSection(SolutionConfigurationPlatforms) = preSolution
		Debug|Any CPU = Debug|Any CPU
		Release|Any CPU = Release|Any CPU
	EndGlobalSection
	GlobalSection(ProjectConfigurationPlatforms) = postSolution
		{48D14870-6E87-48B5-824E-755B5B907346}.Debug|Any CPU.ActiveCfg = Debug|Any CPU
		{48D14870-6E87-48B5-824E-755B5B907346}.Debug|Any CPU.Build.0 = Debug|Any CPU
		{48D14870-6E87-48B5-824E-755B5B907346}.Release|Any CPU.ActiveCfg = Release|Any CPU
		{48D14870-6E87-48B5-824E-755B5B907346}.Release|Any CPU.Build.0 = Release|Any CPU
	EndGlobalSection
	GlobalSection(SolutionProperties) = preSolution
		HideSolutionNode = FALSE
	EndGlobalSection
EndGlobal
